
Microsoft Visual Studio Solution File, Format Version 10.00
# Visual Studio 2008
Project("{FAE04EC0-301F-11D3-BF4B-00C04F79EFBC}") = "Tests", "Tests.csproj", "{6930CFC0-D7D8-49E4-817F-BFE9D73AAC0D}"
EndProject
Global
	GlobalSection(SolutionConfigurationPlatforms) = preSolution
		Debug|x86 = Debug|x86
		Release|x86 = Release|x86
	EndGlobalSection
	GlobalSection(ProjectConfigurationPlatforms) = postSolution
		{6930CFC0-D7D8-49E4-817F-BFE9D73AAC0D}.Debug|x86.ActiveCfg = Debug|x86
		{6930CFC0-D7D8-49E4-817F-BFE9D73AAC0D}.Debug|x86.Build.0 = Debug|x86
		{6930CFC0-D7D8-49E4-817F-BFE9D73AAC0D}.Release|x86.ActiveCfg = Release|x86
		{6930CFC0-D7D8-49E4-817F-BFE9D73AAC0D}.Release|x86.Build.0 = Release|x86
	EndGlobalSection
	GlobalSection(MonoDevelopProperties) = preSolution
		StartupItem = Tests.csproj
	EndGlobalSection
EndGlobal
